{
    "name": "ufo",
    "version": "0.0.10",
    "lockfileVersion": 2,
    "requires": true,
    "packages": {
        "": {
            "name": "ufo",
            "version": "0.0.10",
            "license": "MIT",
            "engines": {
                "vscode": "^1.59.0"
            }
        }
    }
}
